// !$*UTF8*$!
{
	archiveVersion = 1;
	classes = {
	};
	objectVersion = 50;
	objects = {

/* Begin PBXBuildFile section */
		A703A940236749AB00463B54 /* AppDelegate.swift in Sources */ = {isa = PBXBuildFile; fileRef = A703A93F236749AB00463B54 /* AppDelegate.swift */; };
		A703A942236749AB00463B54 /* SceneDelegate.swift in Sources */ = {isa = PBXBuildFile; fileRef = A703A941236749AB00463B54 /* SceneDelegate.swift */; };
		A703A944236749AB00463B54 /* ViewController.swift in Sources */ = {isa = PBXBuildFile; fileRef = A703A943236749AB00463B54 /* ViewController.swift */; };
		A703A947236749AB00463B54 /* Main.storyboard in Resources */ = {isa = PBXBuildFile; fileRef = A703A945236749AB00463B54 /* Main.storyboard */; };
		A703A94A236749AB00463B54 /* research_project_todo.xcdatamodeld in Sources */ = {isa = PBXBuildFile; fileRef = A703A948236749AB00463B54 /* research_project_todo.xcdatamodeld */; };
		A703A94C236749AB00463B54 /* Assets.xcassets in Resources */ = {isa = PBXBuildFile; fileRef = A703A94B236749AB00463B54 /* Assets.xcassets */; };
		A703A94F236749AB00463B54 /* LaunchScreen.storyboard in Resources */ = {isa = PBXBuildFile; fileRef = A703A94D236749AB00463B54 /* LaunchScreen.storyboard */; };
		A703A95A236749AC00463B54 /* research_project_todoTests.swift in Sources */ = {isa = PBXBuildFile; fileRef = A703A959236749AC00463B54 /* research_project_todoTests.swift */; };
		A703A965236749AC00463B54 /* research_project_todoUITests.swift in Sources */ = {isa = PBXBuildFile; fileRef = A703A964236749AC00463B54 /* research_project_todoUITests.swift */; };
/* End PBXBuildFile section */

/* Begin PBXContainerItemProxy section */
		A703A956236749AC00463B54 /* PBXContainerItemProxy */ = {
			isa = PBXContainerItemProxy;
			containerPortal = A703A934236749AB00463B54 /* Project object */;
			proxyType = 1;
			remoteGlobalIDString = A703A93B236749AB00463B54;
			remoteInfo = "research-project-todo";
		};
		A703A961236749AC00463B54 /* PBXContainerItemProxy */ = {
			isa = PBXContainerItemProxy;
			containerPortal = A703A934236749AB00463B54 /* Project object */;
			proxyType = 1;
			remoteGlobalIDString = A703A93B236749AB00463B54;
			remoteInfo = "research-project-todo";
		};
/* End PBXContainerItemProxy section */

/* Begin PBXFileReference section */
		A703A93C236749AB00463B54 /* research-project-todo.app */ = {isa = PBXFileReference; explicitFileType = wrapper.application; includeInIndex = 0; path = "research-project-todo.app"; sourceTree = BUILT_PRODUCTS_DIR; };
		A703A93F236749AB00463B54 /* AppDelegate.swift */ = {isa = PBXFileReference; lastKnownFileType = sourcecode.swift; path = AppDelegate.swift; sourceTree = "<group>"; };
		A703A941236749AB00463B54 /* SceneDelegate.swift */ = {isa = PBXFileReference; lastKnownFileType = sourcecode.swift; path = SceneDelegate.swift; sourceTree = "<group>"; };
		A703A943236749AB00463B54 /* ViewController.swift */ = {isa = PBXFileReference; lastKnownFileType = sourcecode.swift; path = ViewController.swift; sourceTree = "<group>"; };
		A703A946236749AB00463B54 /* Base */ = {isa = PBXFileReference; lastKnownFileType = file.storyboard; name = Base; path = Base.lproj/Main.storyboard; sourceTree = "<group>"; };
		A703A949236749AB00463B54 /* research_project_todo.xcdatamodel */ = {isa = PBXFileReference; lastKnownFileType = wrapper.xcdatamodel; path = research_project_todo.xcdatamodel; sourceTree = "<group>"; };
		A703A94B236749AB00463B54 /* Assets.xcassets */ = {isa = PBXFileReference; lastKnownFileType = folder.assetcatalog; path = Assets.xcassets; sourceTree = "<group>"; };
		A703A94E236749AB00463B54 /* Base */ = {isa = PBXFileReference; lastKnownFileType = file.storyboard; name = Base; path = Base.lproj/LaunchScreen.storyboard; sourceTree = "<group>"; };
		A703A950236749AB00463B54 /* Info.plist */ = {isa = PBXFileReference; lastKnownFileType = text.plist.xml; path = Info.plist; sourceTree = "<group>"; };
		A703A955236749AC00463B54 /* research-project-todoTests.xctest */ = {isa = PBXFileReference; explicitFileType = wrapper.cfbundle; includeInIndex = 0; path = "research-project-todoTests.xctest"; sourceTree = BUILT_PRODUCTS_DIR; };
		A703A959236749AC00463B54 /* research_project_todoTests.swift */ = {isa = PBXFileReference; lastKnownFileType = sourcecode.swift; path = research_project_todoTests.swift; sourceTree = "<group>"; };
		A703A95B236749AC00463B54 /* Info.plist */ = {isa = PBXFileReference; lastKnownFileType = text.plist.xml; path = Info.plist; sourceTree = "<group>"; };
		A703A960236749AC00463B54 /* research-project-todoUITests.xctest */ = {isa = PBXFileReference; explicitFileType = wrapper.cfbundle; includeInIndex = 0; path = "research-project-todoUITests.xctest"; sourceTree = BUILT_PRODUCTS_DIR; };
		A703A964236749AC00463B54 /* research_project_todoUITests.swift */ = {isa = PBXFileReference; lastKnownFileType = sourcecode.swift; path = research_project_todoUITests.swift; sourceTree = "<group>"; };
		A703A966236749AC00463B54 /* Info.plist */ = {isa = PBXFileReference; lastKnownFileType = text.plist.xml; path = Info.plist; sourceTree = "<group>"; };
/* End PBXFileReference section */

/* Begin PBXFrameworksBuildPhase section */
		A703A939236749AB00463B54 /* Frameworks */ = {
			isa = PBXFrameworksBuildPhase;
			buildActionMask = 2147483647;
			files = (
			);
			runOnlyForDeploymentPostprocessing = 0;
		};
		A703A952236749AC00463B54 /* Frameworks */ = {
			isa = PBXFrameworksBuildPhase;
			buildActionMask = 2147483647;
			files = (
			);
			runOnlyForDeploymentPostprocessing = 0;
		};
		A703A95D236749AC00463B54 /* Frameworks */ = {
			isa = PBXFrameworksBuildPhase;
			buildActionMask = 2147483647;
			files = (
			);
			runOnlyForDeploymentPostprocessing = 0;
		};
/* End PBXFrameworksBuildPhase section */

/* Begin PBXGroup section */
		A703A933236749AB00463B54 = {
			isa = PBXGroup;
			children = (
				A703A93E236749AB00463B54 /* research-project-todo */,
				A703A958236749AC00463B54 /* research-project-todoTests */,
				A703A963236749AC00463B54 /* research-project-todoUITests */,
				A703A93D236749AB00463B54 /* Products */,
			);
			sourceTree = "<group>";
		};
		A703A93D236749AB00463B54 /* Products */ = {
			isa = PBXGroup;
			children = (
				A703A93C236749AB00463B54 /* research-project-todo.app */,
				A703A955236749AC00463B54 /* research-project-todoTests.xctest */,
				A703A960236749AC00463B54 /* research-project-todoUITests.xctest */,
			);
			name = Products;
			sourceTree = "<group>";
		};
		A703A93E236749AB00463B54 /* research-project-todo */ = {
			isa = PBXGroup;
			children = (
				A703A93F236749AB00463B54 /* AppDelegate.swift */,
				A703A941236749AB00463B54 /* SceneDelegate.swift */,
				A703A943236749AB00463B54 /* ViewController.swift */,
				A703A945236749AB00463B54 /* Main.storyboard */,
				A703A94B236749AB00463B54 /* Assets.xcassets */,
				A703A94D236749AB00463B54 /* LaunchScreen.storyboard */,
				A703A950236749AB00463B54 /* Info.plist */,
				A703A948236749AB00463B54 /* research_project_todo.xcdatamodeld */,
			);
			path = "research-project-todo";
			sourceTree = "<group>";
		};
		A703A958236749AC00463B54 /* research-project-todoTests */ = {
			isa = PBXGroup;
			children = (
				A703A959236749AC00463B54 /* research_project_todoTests.swift */,
				A703A95B236749AC00463B54 /* Info.plist */,
			);
			path = "research-project-todoTests";
			sourceTree = "<group>";
		};
		A703A963236749AC00463B54 /* research-project-todoUITests */ = {
			isa = PBXGroup;
			children = (
				A703A964236749AC00463B54 /* research_project_todoUITests.swift */,
				A703A966236749AC00463B54 /* Info.plist */,
			);
			path = "research-project-todoUITests";
			sourceTree = "<group>";
		};
/* End PBXGroup section */

/* Begin PBXNativeTarget section */
		A703A93B236749AB00463B54 /* research-project-todo */ = {
			isa = PBXNativeTarget;
			buildConfigurationList = A703A969236749AC00463B54 /* Build configuration list for PBXNativeTarget "research-project-todo" */;
			buildPhases = (
				A703A938236749AB00463B54 /* Sources */,
				A703A939236749AB00463B54 /* Frameworks */,
				A703A93A236749AB00463B54 /* Resources */,
			);
			buildRules = (
			);
			dependencies = (
			);
			name = "research-project-todo";
			productName = "research-project-todo";
			productReference = A703A93C236749AB00463B54 /* research-project-todo.app */;
			productType = "com.apple.product-type.application";
		};
		A703A954236749AC00463B54 /* research-project-todoTests */ = {
			isa = PBXNativeTarget;
			buildConfigurationList = A703A96C236749AC00463B54 /* Build configuration list for PBXNativeTarget "research-project-todoTests" */;
			buildPhases = (
				A703A951236749AC00463B54 /* Sources */,
				A703A952236749AC00463B54 /* Frameworks */,
				A703A953236749AC00463B54 /* Resources */,
			);
			buildRules = (
			);
			dependencies = (
				A703A957236749AC00463B54 /* PBXTargetDependency */,
			);
			name = "research-project-todoTests";
			productName = "research-project-todoTests";
			productReference = A703A955236749AC00463B54 /* research-project-todoTests.xctest */;
			productType = "com.apple.product-type.bundle.unit-test";
		};
		A703A95F236749AC00463B54 /* research-project-todoUITests */ = {
			isa = PBXNativeTarget;
			buildConfigurationList = A703A96F236749AC00463B54 /* Build configuration list for PBXNativeTarget "research-project-todoUITests" */;
			buildPhases = (
				A703A95C236749AC00463B54 /* Sources */,
				A703A95D236749AC00463B54 /* Frameworks */,
				A703A95E236749AC00463B54 /* Resources */,
			);
			buildRules = (
			);
			dependencies = (
				A703A962236749AC00463B54 /* PBXTargetDependency */,
			);
			name = "research-project-todoUITests";
			productName = "research-project-todoUITests";
			productReference = A703A960236749AC00463B54 /* research-project-todoUITests.xctest */;
			productType = "com.apple.product-type.bundle.ui-testing";
		};
/* End PBXNativeTarget section */

/* Begin PBXProject section */
		A703A934236749AB00463B54 /* Project object */ = {
			isa = PBXProject;
			attributes = {
				LastSwiftUpdateCheck = 1110;
				LastUpgradeCheck = 1110;
				ORGANIZATIONNAME = "Oliver Rudzinski";
				TargetAttributes = {
					A703A93B236749AB00463B54 = {
						CreatedOnToolsVersion = 11.1;
					};
					A703A954236749AC00463B54 = {
						CreatedOnToolsVersion = 11.1;
						TestTargetID = A703A93B236749AB00463B54;
					};
					A703A95F236749AC00463B54 = {
						CreatedOnToolsVersion = 11.1;
						TestTargetID = A703A93B236749AB00463B54;
					};
				};
			};
			buildConfigurationList = A703A937236749AB00463B54 /* Build configuration list for PBXProject "research-project-todo" */;
			compatibilityVersion = "Xcode 9.3";
			developmentRegion = en;
			hasScannedForEncodings = 0;
			knownRegions = (
				en,
				Base,
			);
			mainGroup = A703A933236749AB00463B54;
			productRefGroup = A703A93D236749AB00463B54 /* Products */;
			projectDirPath = "";
			projectRoot = "";
			targets = (
				A703A93B236749AB00463B54 /* research-project-todo */,
				A703A954236749AC00463B54 /* research-project-todoTests */,
				A703A95F236749AC00463B54 /* research-project-todoUITests */,
			);
		};
/* End PBXProject section */

/* Begin PBXResourcesBuildPhase section */
		A703A93A236749AB00463B54 /* Resources */ = {
			isa = PBXResourcesBuildPhase;
			buildActionMask = 2147483647;
			files = (
				A703A94F236749AB00463B54 /* LaunchScreen.storyboard in Resources */,
				A703A94C236749AB00463B54 /* Assets.xcassets in Resources */,
				A703A947236749AB00463B54 /* Main.storyboard in Resources */,
			);
			runOnlyForDeploymentPostprocessing = 0;
		};
		A703A953236749AC00463B54 /* Resources */ = {
			isa = PBXResourcesBuildPhase;
			buildActionMask = 2147483647;
			files = (
			);
			runOnlyForDeploymentPostprocessing = 0;
		};
		A703A95E236749AC00463B54 /* Resources */ = {
			isa = PBXResourcesBuildPhase;
			buildActionMask = 2147483647;
			files = (
			);
			runOnlyForDeploymentPostprocessing = 0;
		};
/* End PBXResourcesBuildPhase section */

/* Begin PBXSourcesBuildPhase section */
		A703A938236749AB00463B54 /* Sources */ = {
			isa = PBXSourcesBuildPhase;
			buildActionMask = 2147483647;
			files = (
				A703A944236749AB00463B54 /* ViewController.swift in Sources */,
				A703A940236749AB00463B54 /* AppDelegate.swift in Sources */,
				A703A94A236749AB00463B54 /* research_project_todo.xcdatamodeld in Sources */,
				A703A942236749AB00463B54 /* SceneDelegate.swift in Sources */,
			);
			runOnlyForDeploymentPostprocessing = 0;
		};
		A703A951236749AC00463B54 /* Sources */ = {
			isa = PBXSourcesBuildPhase;
			buildActionMask = 2147483647;
			files = (
				A703A95A236749AC00463B54 /* research_project_todoTests.swift in Sources */,
			);
			runOnlyForDeploymentPostprocessing = 0;
		};
		A703A95C236749AC00463B54 /* Sources */ = {
			isa = PBXSourcesBuildPhase;
			buildActionMask = 2147483647;
			files = (
				A703A965236749AC00463B54 /* research_project_todoUITests.swift in Sources */,
			);
			runOnlyForDeploymentPostprocessing = 0;
		};
/* End PBXSourcesBuildPhase section */

/* Begin PBXTargetDependency section */
		A703A957236749AC00463B54 /* PBXTargetDependency */ = {
			isa = PBXTargetDependency;
			target = A703A93B236749AB00463B54 /* research-project-todo */;
			targetProxy = A703A956236749AC00463B54 /* PBXContainerItemProxy */;
		};
		A703A962236749AC00463B54 /* PBXTargetDependency */ = {
			isa = PBXTargetDependency;
			target = A703A93B236749AB00463B54 /* research-project-todo */;
			targetProxy = A703A961236749AC00463B54 /* PBXContainerItemProxy */;
		};
/* End PBXTargetDependency section */

/* Begin PBXVariantGroup section */
		A703A945236749AB00463B54 /* Main.storyboard */ = {
			isa = PBXVariantGroup;
			children = (
				A703A946236749AB00463B54 /* Base */,
			);
			name = Main.storyboard;
			sourceTree = "<group>";
		};
		A703A94D236749AB00463B54 /* LaunchScreen.storyboard */ = {
			isa = PBXVariantGroup;
			children = (
				A703A94E236749AB00463B54 /* Base */,
			);
			name = LaunchScreen.storyboard;
			sourceTree = "<group>";
		};
/* End PBXVariantGroup section */

/* Begin XCBuildConfiguration section */
		A703A967236749AC00463B54 /* Debug */ = {
			isa = XCBuildConfiguration;
			buildSettings = {
				ALWAYS_SEARCH_USER_PATHS = NO;
				CLANG_ANALYZER_NONNULL = YES;
				CLANG_ANALYZER_NUMBER_OBJECT_CONVERSION = YES_AGGRESSIVE;
				CLANG_CXX_LANGUAGE_STANDARD = "gnu++14";
				CLANG_CXX_LIBRARY = "libc++";
				CLANG_ENABLE_MODULES = YES;
				CLANG_ENABLE_OBJC_ARC = YES;
				CLANG_ENABLE_OBJC_WEAK = YES;
				CLANG_WARN_BLOCK_CAPTURE_AUTORELEASING = YES;
				CLANG_WARN_BOOL_CONVERSION = YES;
				CLANG_WARN_COMMA = YES;
				CLANG_WARN_CONSTANT_CONVERSION = YES;
				CLANG_WARN_DEPRECATED_OBJC_IMPLEMENTATIONS = YES;
				CLANG_WARN_DIRECT_OBJC_ISA_USAGE = YES_ERROR;
				CLANG_WARN_DOCUMENTATION_COMMENTS = YES;
				CLANG_WARN_EMPTY_BODY = YES;
				CLANG_WARN_ENUM_CONVERSION = YES;
				CLANG_WARN_INFINITE_RECURSION = YES;
				CLANG_WARN_INT_CONVERSION = YES;
				CLANG_WARN_NON_LITERAL_NULL_CONVERSION = YES;
				CLANG_WARN_OBJC_IMPLICIT_RETAIN_SELF = YES;
				CLANG_WARN_OBJC_LITERAL_CONVERSION = YES;
				CLANG_WARN_OBJC_ROOT_CLASS = YES_ERROR;
				CLANG_WARN_RANGE_LOOP_ANALYSIS = YES;
				CLANG_WARN_STRICT_PROTOTYPES = YES;
				CLANG_WARN_SUSPICIOUS_MOVE = YES;
				CLANG_WARN_UNGUARDED_AVAILABILITY = YES_AGGRESSIVE;
				CLANG_WARN_UNREACHABLE_CODE = YES;
				CLANG_WARN__DUPLICATE_METHOD_MATCH = YES;
				COPY_PHASE_STRIP = NO;
				DEBUG_INFORMATION_FORMAT = dwarf;
				ENABLE_STRICT_OBJC_MSGSEND = YES;
				ENABLE_TESTABILITY = YES;
				GCC_C_LANGUAGE_STANDARD = gnu11;
				GCC_DYNAMIC_NO_PIC = NO;
				GCC_NO_COMMON_BLOCKS = YES;
				GCC_OPTIMIZATION_LEVEL = 0;
				GCC_PREPROCESSOR_DEFINITIONS = (
					"DEBUG=1",
					"$(inherited)",
				);
				GCC_WARN_64_TO_32_BIT_CONVERSION = YES;
				GCC_WARN_ABOUT_RETURN_TYPE = YES_ERROR;
				GCC_WARN_UNDECLARED_SELECTOR = YES;
				GCC_WARN_UNINITIALIZED_AUTOS = YES_AGGRESSIVE;
				GCC_WARN_UNUSED_FUNCTION = YES;
				GCC_WARN_UNUSED_VARIABLE = YES;
				IPHONEOS_DEPLOYMENT_TARGET = 13.1;
				MTL_ENABLE_DEBUG_INFO = INCLUDE_SOURCE;
				MTL_FAST_MATH = YES;
				ONLY_ACTIVE_ARCH = YES;
				SDKROOT = iphoneos;
				SWIFT_ACTIVE_COMPILATION_CONDITIONS = DEBUG;
				SWIFT_OPTIMIZATION_LEVEL = "-Onone";
			};
			name = Debug;
		};
		A703A968236749AC00463B54 /* Release */ = {
			isa = XCBuildConfiguration;
			buildSettings = {
				ALWAYS_SEARCH_USER_PATHS = NO;
				CLANG_ANALYZER_NONNULL = YES;
				CLANG_ANALYZER_NUMBER_OBJECT_CONVERSION = YES_AGGRESSIVE;
				CLANG_CXX_LANGUAGE_STANDARD = "gnu++14";
				CLANG_CXX_LIBRARY = "libc++";
				CLANG_ENABLE_MODULES = YES;
				CLANG_ENABLE_OBJC_ARC = YES;
				CLANG_ENABLE_OBJC_WEAK = YES;
				CLANG_WARN_BLOCK_CAPTURE_AUTORELEASING = YES;
				CLANG_WARN_BOOL_CONVERSION = YES;
				CLANG_WARN_COMMA = YES;
				CLANG_WARN_CONSTANT_CONVERSION = YES;
				CLANG_WARN_DEPRECATED_OBJC_IMPLEMENTATIONS = YES;
				CLANG_WARN_DIRECT_OBJC_ISA_USAGE = YES_ERROR;
				CLANG_WARN_DOCUMENTATION_COMMENTS = YES;
				CLANG_WARN_EMPTY_BODY = YES;
				CLANG_WARN_ENUM_CONVERSION = YES;
				CLANG_WARN_INFINITE_RECURSION = YES;
				CLANG_WARN_INT_CONVERSION = YES;
				CLANG_WARN_NON_LITERAL_NULL_CONVERSION = YES;
				CLANG_WARN_OBJC_IMPLICIT_RETAIN_SELF = YES;
				CLANG_WARN_OBJC_LITERAL_CONVERSION = YES;
				CLANG_WARN_OBJC_ROOT_CLASS = YES_ERROR;
				CLANG_WARN_RANGE_LOOP_ANALYSIS = YES;
				CLANG_WARN_STRICT_PROTOTYPES = YES;
				CLANG_WARN_SUSPICIOUS_MOVE = YES;
				CLANG_WARN_UNGUARDED_AVAILABILITY = YES_AGGRESSIVE;
				CLANG_WARN_UNREACHABLE_CODE = YES;
				CLANG_WARN__DUPLICATE_METHOD_MATCH = YES;
				COPY_PHASE_STRIP = NO;
				DEBUG_INFORMATION_FORMAT = "dwarf-with-dsym";
				ENABLE_NS_ASSERTIONS = NO;
				ENABLE_STRICT_OBJC_MSGSEND = YES;
				GCC_C_LANGUAGE_STANDARD = gnu11;
				GCC_NO_COMMON_BLOCKS = YES;
				GCC_WARN_64_TO_32_BIT_CONVERSION = YES;
				GCC_WARN_ABOUT_RETURN_TYPE = YES_ERROR;
				GCC_WARN_UNDECLARED_SELECTOR = YES;
				GCC_WARN_UNINITIALIZED_AUTOS = YES_AGGRESSIVE;
				GCC_WARN_UNUSED_FUNCTION = YES;
				GCC_WARN_UNUSED_VARIABLE = YES;
				IPHONEOS_DEPLOYMENT_TARGET = 13.1;
				MTL_ENABLE_DEBUG_INFO = NO;
				MTL_FAST_MATH = YES;
				SDKROOT = iphoneos;
				SWIFT_COMPILATION_MODE = wholemodule;
				SWIFT_OPTIMIZATION_LEVEL = "-O";
				VALIDATE_PRODUCT = YES;
			};
			name = Release;
		};
		A703A96A236749AC00463B54 /* Debug */ = {
			isa = XCBuildConfiguration;
			buildSettings = {
				ASSETCATALOG_COMPILER_APPICON_NAME = AppIcon;
				CODE_SIGN_STYLE = Automatic;
				INFOPLIST_FILE = "research-project-todo/Info.plist";
				LD_RUNPATH_SEARCH_PATHS = (
					"$(inherited)",
					"@executable_path/Frameworks",
				);
				PRODUCT_BUNDLE_IDENTIFIER = "rudzinski.research-project-todo";
				PRODUCT_NAME = "$(TARGET_NAME)";
				SWIFT_VERSION = 5.0;
				TARGETED_DEVICE_FAMILY = "1,2";
			};
			name = Debug;
		};
		A703A96B236749AC00463B54 /* Release */ = {
			isa = XCBuildConfiguration;
			buildSettings = {
				ASSETCATALOG_COMPILER_APPICON_NAME = AppIcon;
				CODE_SIGN_STYLE = Automatic;
				INFOPLIST_FILE = "research-project-todo/Info.plist";
				LD_RUNPATH_SEARCH_PATHS = (
					"$(inherited)",
					"@executable_path/Frameworks",
				);
				PRODUCT_BUNDLE_IDENTIFIER = "rudzinski.research-project-todo";
				PRODUCT_NAME = "$(TARGET_NAME)";
				SWIFT_VERSION = 5.0;
				TARGETED_DEVICE_FAMILY = "1,2";
			};
			name = Release;
		};
		A703A96D236749AC00463B54 /* Debug */ = {
			isa = XCBuildConfiguration;
			buildSettings = {
				ALWAYS_EMBED_SWIFT_STANDARD_LIBRARIES = YES;
				BUNDLE_LOADER = "$(TEST_HOST)";
				CODE_SIGN_STYLE = Automatic;
				INFOPLIST_FILE = "research-project-todoTests/Info.plist";
				IPHONEOS_DEPLOYMENT_TARGET = 13.1;
				LD_RUNPATH_SEARCH_PATHS = (
					"$(inherited)",
					"@executable_path/Frameworks",
					"@loader_path/Frameworks",
				);
				PRODUCT_BUNDLE_IDENTIFIER = "rudzinski.research-project-todoTests";
				PRODUCT_NAME = "$(TARGET_NAME)";
				SWIFT_VERSION = 5.0;
				TARGETED_DEVICE_FAMILY = "1,2";
				TEST_HOST = "$(BUILT_PRODUCTS_DIR)/research-project-todo.app/research-project-todo";
			};
			name = Debug;
		};
		A703A96E236749AC00463B54 /* Release */ = {
			isa = XCBuildConfiguration;
			buildSettings = {
				ALWAYS_EMBED_SWIFT_STANDARD_LIBRARIES = YES;
				BUNDLE_LOADER = "$(TEST_HOST)";
				CODE_SIGN_STYLE = Automatic;
				INFOPLIST_FILE = "research-project-todoTests/Info.plist";
				IPHONEOS_DEPLOYMENT_TARGET = 13.1;
				LD_RUNPATH_SEARCH_PATHS = (
					"$(inherited)",
					"@executable_path/Frameworks",
					"@loader_path/Frameworks",
				);
				PRODUCT_BUNDLE_IDENTIFIER = "rudzinski.research-project-todoTests";
				PRODUCT_NAME = "$(TARGET_NAME)";
				SWIFT_VERSION = 5.0;
				TARGETED_DEVICE_FAMILY = "1,2";
				TEST_HOST = "$(BUILT_PRODUCTS_DIR)/research-project-todo.app/research-project-todo";
			};
			name = Release;
		};
		A703A970236749AC00463B54 /* Debug */ = {
			isa = XCBuildConfiguration;
			buildSettings = {
				ALWAYS_EMBED_SWIFT_STANDARD_LIBRARIES = YES;
				CODE_SIGN_STYLE = Automatic;
				INFOPLIST_FILE = "research-project-todoUITests/Info.plist";
				LD_RUNPATH_SEARCH_PATHS = (
					"$(inherited)",
					"@executable_path/Frameworks",
					"@loader_path/Frameworks",
				);
				PRODUCT_BUNDLE_IDENTIFIER = "rudzinski.research-project-todoUITests";
				PRODUCT_NAME = "$(TARGET_NAME)";
				SWIFT_VERSION = 5.0;
				TARGETED_DEVICE_FAMILY = "1,2";
				TEST_TARGET_NAME = "research-project-todo";
			};
			name = Debug;
		};
		A703A971236749AC00463B54 /* Release */ = {
			isa = XCBuildConfiguration;
			buildSettings = {
				ALWAYS_EMBED_SWIFT_STANDARD_LIBRARIES = YES;
				CODE_SIGN_STYLE = Automatic;
				INFOPLIST_FILE = "research-project-todoUITests/Info.plist";
				LD_RUNPATH_SEARCH_PATHS = (
					"$(inherited)",
					"@executable_path/Frameworks",
					"@loader_path/Frameworks",
				);
				PRODUCT_BUNDLE_IDENTIFIER = "rudzinski.research-project-todoUITests";
				PRODUCT_NAME = "$(TARGET_NAME)";
				SWIFT_VERSION = 5.0;
				TARGETED_DEVICE_FAMILY = "1,2";
				TEST_TARGET_NAME = "research-project-todo";
			};
			name = Release;
		};
/* End XCBuildConfiguration section */

/* Begin XCConfigurationList section */
		A703A937236749AB00463B54 /* Build configuration list for PBXProject "research-project-todo" */ = {
			isa = XCConfigurationList;
			buildConfigurations = (
				A703A967236749AC00463B54 /* Debug */,
				A703A968236749AC00463B54 /* Release */,
			);
			defaultConfigurationIsVisible = 0;
			defaultConfigurationName = Release;
		};
		A703A969236749AC00463B54 /* Build configuration list for PBXNativeTarget "research-project-todo" */ = {
			isa = XCConfigurationList;
			buildConfigurations = (
				A703A96A236749AC00463B54 /* Debug */,
				A703A96B236749AC00463B54 /* Release */,
			);
			defaultConfigurationIsVisible = 0;
			defaultConfigurationName = Release;
		};
		A703A96C236749AC00463B54 /* Build configuration list for PBXNativeTarget "research-project-todoTests" */ = {
			isa = XCConfigurationList;
			buildConfigurations = (
				A703A96D236749AC00463B54 /* Debug */,
				A703A96E236749AC00463B54 /* Release */,
			);
			defaultConfigurationIsVisible = 0;
			defaultConfigurationName = Release;
		};
		A703A96F236749AC00463B54 /* Build configuration list for PBXNativeTarget "research-project-todoUITests" */ = {
			isa = XCConfigurationList;
			buildConfigurations = (
				A703A970236749AC00463B54 /* Debug */,
				A703A971236749AC00463B54 /* Release */,
			);
			defaultConfigurationIsVisible = 0;
			defaultConfigurationName = Release;
		};
/* End XCConfigurationList section */

/* Begin XCVersionGroup section */
		A703A948236749AB00463B54 /* research_project_todo.xcdatamodeld */ = {
			isa = XCVersionGroup;
			children = (
				A703A949236749AB00463B54 /* research_project_todo.xcdatamodel */,
			);
			currentVersion = A703A949236749AB00463B54 /* research_project_todo.xcdatamodel */;
			path = research_project_todo.xcdatamodeld;
			sourceTree = "<group>";
			versionGroupType = wrapper.xcdatamodel;
		};
/* End XCVersionGroup section */
	};
	rootObject = A703A934236749AB00463B54 /* Project object */;
}
