// !$*UTF8*$!
{
	archiveVersion = 1;
	classes = {
	};
	objectVersion = 50;
	objects = {

/* Begin PBXBuildFile section */
		A758BDC523674E990026FE0C /* AppDelegate.swift in Sources */ = {isa = PBXBuildFile; fileRef = A758BDC423674E990026FE0C /* AppDelegate.swift */; };
		A758BDC723674E990026FE0C /* SceneDelegate.swift in Sources */ = {isa = PBXBuildFile; fileRef = A758BDC623674E990026FE0C /* SceneDelegate.swift */; };
		A758BDC923674E990026FE0C /* ViewController.swift in Sources */ = {isa = PBXBuildFile; fileRef = A758BDC823674E990026FE0C /* ViewController.swift */; };
		A758BDCC23674E990026FE0C /* Main.storyboard in Resources */ = {isa = PBXBuildFile; fileRef = A758BDCA23674E990026FE0C /* Main.storyboard */; };
		A758BDCF23674E990026FE0C /* ios_todo_app.xcdatamodeld in Sources */ = {isa = PBXBuildFile; fileRef = A758BDCD23674E990026FE0C /* ios_todo_app.xcdatamodeld */; };
		A758BDD123674E990026FE0C /* Assets.xcassets in Resources */ = {isa = PBXBuildFile; fileRef = A758BDD023674E990026FE0C /* Assets.xcassets */; };
		A758BDD423674E990026FE0C /* LaunchScreen.storyboard in Resources */ = {isa = PBXBuildFile; fileRef = A758BDD223674E990026FE0C /* LaunchScreen.storyboard */; };
		A758BDDF23674E990026FE0C /* ios_todo_appTests.swift in Sources */ = {isa = PBXBuildFile; fileRef = A758BDDE23674E990026FE0C /* ios_todo_appTests.swift */; };
		A758BDEA23674E990026FE0C /* ios_todo_appUITests.swift in Sources */ = {isa = PBXBuildFile; fileRef = A758BDE923674E990026FE0C /* ios_todo_appUITests.swift */; };
		A76145442376FA8D006CB41A /* ToDoCell.swift in Sources */ = {isa = PBXBuildFile; fileRef = A76145432376FA8D006CB41A /* ToDoCell.swift */; };
		A76F1788237718EB001CDC1E /* Storage.swift in Sources */ = {isa = PBXBuildFile; fileRef = A76F1787237718EB001CDC1E /* Storage.swift */; };
		A76F178B23771A00001CDC1E /* ToDo+CoreDataClass.swift in Sources */ = {isa = PBXBuildFile; fileRef = A76F178923771A00001CDC1E /* ToDo+CoreDataClass.swift */; };
		A76F178C23771A00001CDC1E /* ToDo+CoreDataProperties.swift in Sources */ = {isa = PBXBuildFile; fileRef = A76F178A23771A00001CDC1E /* ToDo+CoreDataProperties.swift */; };
/* End PBXBuildFile section */

/* Begin PBXContainerItemProxy section */
		A758BDDB23674E990026FE0C /* PBXContainerItemProxy */ = {
			isa = PBXContainerItemProxy;
			containerPortal = A758BDB923674E990026FE0C /* Project object */;
			proxyType = 1;
			remoteGlobalIDString = A758BDC023674E990026FE0C;
			remoteInfo = "ios-todo-app";
		};
		A758BDE623674E990026FE0C /* PBXContainerItemProxy */ = {
			isa = PBXContainerItemProxy;
			containerPortal = A758BDB923674E990026FE0C /* Project object */;
			proxyType = 1;
			remoteGlobalIDString = A758BDC023674E990026FE0C;
			remoteInfo = "ios-todo-app";
		};
/* End PBXContainerItemProxy section */

/* Begin PBXFileReference section */
		A758BDC123674E990026FE0C /* ios-todo-app.app */ = {isa = PBXFileReference; explicitFileType = wrapper.application; includeInIndex = 0; path = "ios-todo-app.app"; sourceTree = BUILT_PRODUCTS_DIR; };
		A758BDC423674E990026FE0C /* AppDelegate.swift */ = {isa = PBXFileReference; lastKnownFileType = sourcecode.swift; path = AppDelegate.swift; sourceTree = "<group>"; };
		A758BDC623674E990026FE0C /* SceneDelegate.swift */ = {isa = PBXFileReference; lastKnownFileType = sourcecode.swift; path = SceneDelegate.swift; sourceTree = "<group>"; };
		A758BDC823674E990026FE0C /* ViewController.swift */ = {isa = PBXFileReference; lastKnownFileType = sourcecode.swift; path = ViewController.swift; sourceTree = "<group>"; };
		A758BDCB23674E990026FE0C /* Base */ = {isa = PBXFileReference; lastKnownFileType = file.storyboard; name = Base; path = Base.lproj/Main.storyboard; sourceTree = "<group>"; };
		A758BDCE23674E990026FE0C /* ios_todo_app.xcdatamodel */ = {isa = PBXFileReference; lastKnownFileType = wrapper.xcdatamodel; path = ios_todo_app.xcdatamodel; sourceTree = "<group>"; };
		A758BDD023674E990026FE0C /* Assets.xcassets */ = {isa = PBXFileReference; lastKnownFileType = folder.assetcatalog; path = Assets.xcassets; sourceTree = "<group>"; };
		A758BDD323674E990026FE0C /* Base */ = {isa = PBXFileReference; lastKnownFileType = file.storyboard; name = Base; path = Base.lproj/LaunchScreen.storyboard; sourceTree = "<group>"; };
		A758BDD523674E990026FE0C /* Info.plist */ = {isa = PBXFileReference; lastKnownFileType = text.plist.xml; path = Info.plist; sourceTree = "<group>"; };
		A758BDDA23674E990026FE0C /* ios-todo-appTests.xctest */ = {isa = PBXFileReference; explicitFileType = wrapper.cfbundle; includeInIndex = 0; path = "ios-todo-appTests.xctest"; sourceTree = BUILT_PRODUCTS_DIR; };
		A758BDDE23674E990026FE0C /* ios_todo_appTests.swift */ = {isa = PBXFileReference; lastKnownFileType = sourcecode.swift; path = ios_todo_appTests.swift; sourceTree = "<group>"; };
		A758BDE023674E990026FE0C /* Info.plist */ = {isa = PBXFileReference; lastKnownFileType = text.plist.xml; path = Info.plist; sourceTree = "<group>"; };
		A758BDE523674E990026FE0C /* ios-todo-appUITests.xctest */ = {isa = PBXFileReference; explicitFileType = wrapper.cfbundle; includeInIndex = 0; path = "ios-todo-appUITests.xctest"; sourceTree = BUILT_PRODUCTS_DIR; };
		A758BDE923674E990026FE0C /* ios_todo_appUITests.swift */ = {isa = PBXFileReference; lastKnownFileType = sourcecode.swift; path = ios_todo_appUITests.swift; sourceTree = "<group>"; };
		A758BDEB23674E990026FE0C /* Info.plist */ = {isa = PBXFileReference; lastKnownFileType = text.plist.xml; path = Info.plist; sourceTree = "<group>"; };
		A76145432376FA8D006CB41A /* ToDoCell.swift */ = {isa = PBXFileReference; lastKnownFileType = sourcecode.swift; path = ToDoCell.swift; sourceTree = "<group>"; };
		A76F1787237718EB001CDC1E /* Storage.swift */ = {isa = PBXFileReference; lastKnownFileType = sourcecode.swift; path = Storage.swift; sourceTree = "<group>"; };
		A76F178923771A00001CDC1E /* ToDo+CoreDataClass.swift */ = {isa = PBXFileReference; lastKnownFileType = sourcecode.swift; path = "ToDo+CoreDataClass.swift"; sourceTree = "<group>"; };
		A76F178A23771A00001CDC1E /* ToDo+CoreDataProperties.swift */ = {isa = PBXFileReference; lastKnownFileType = sourcecode.swift; path = "ToDo+CoreDataProperties.swift"; sourceTree = "<group>"; };
/* End PBXFileReference section */

/* Begin PBXFrameworksBuildPhase section */
		A758BDBE23674E990026FE0C /* Frameworks */ = {
			isa = PBXFrameworksBuildPhase;
			buildActionMask = 2147483647;
			files = (
			);
			runOnlyForDeploymentPostprocessing = 0;
		};
		A758BDD723674E990026FE0C /* Frameworks */ = {
			isa = PBXFrameworksBuildPhase;
			buildActionMask = 2147483647;
			files = (
			);
			runOnlyForDeploymentPostprocessing = 0;
		};
		A758BDE223674E990026FE0C /* Frameworks */ = {
			isa = PBXFrameworksBuildPhase;
			buildActionMask = 2147483647;
			files = (
			);
			runOnlyForDeploymentPostprocessing = 0;
		};
/* End PBXFrameworksBuildPhase section */

/* Begin PBXGroup section */
		A758BDB823674E990026FE0C = {
			isa = PBXGroup;
			children = (
				A758BDC323674E990026FE0C /* ios-todo-app */,
				A758BDDD23674E990026FE0C /* ios-todo-appTests */,
				A758BDE823674E990026FE0C /* ios-todo-appUITests */,
				A758BDC223674E990026FE0C /* Products */,
			);
			sourceTree = "<group>";
		};
		A758BDC223674E990026FE0C /* Products */ = {
			isa = PBXGroup;
			children = (
				A758BDC123674E990026FE0C /* ios-todo-app.app */,
				A758BDDA23674E990026FE0C /* ios-todo-appTests.xctest */,
				A758BDE523674E990026FE0C /* ios-todo-appUITests.xctest */,
			);
			name = Products;
			sourceTree = "<group>";
		};
		A758BDC323674E990026FE0C /* ios-todo-app */ = {
			isa = PBXGroup;
			children = (
				A76F1786237718CE001CDC1E /* data */,
				A758BDC823674E990026FE0C /* ViewController.swift */,
				A76F1785237718AC001CDC1E /* ui */,
				A758BDC423674E990026FE0C /* AppDelegate.swift */,
				A758BDC623674E990026FE0C /* SceneDelegate.swift */,
				A758BDD523674E990026FE0C /* Info.plist */,
				A758BDCD23674E990026FE0C /* ios_todo_app.xcdatamodeld */,
			);
			path = "ios-todo-app";
			sourceTree = "<group>";
		};
		A758BDDD23674E990026FE0C /* ios-todo-appTests */ = {
			isa = PBXGroup;
			children = (
				A758BDDE23674E990026FE0C /* ios_todo_appTests.swift */,
				A758BDE023674E990026FE0C /* Info.plist */,
			);
			path = "ios-todo-appTests";
			sourceTree = "<group>";
		};
		A758BDE823674E990026FE0C /* ios-todo-appUITests */ = {
			isa = PBXGroup;
			children = (
				A758BDE923674E990026FE0C /* ios_todo_appUITests.swift */,
				A758BDEB23674E990026FE0C /* Info.plist */,
			);
			path = "ios-todo-appUITests";
			sourceTree = "<group>";
		};
		A76F1785237718AC001CDC1E /* ui */ = {
			isa = PBXGroup;
			children = (
				A76145432376FA8D006CB41A /* ToDoCell.swift */,
				A758BDCA23674E990026FE0C /* Main.storyboard */,
				A758BDD223674E990026FE0C /* LaunchScreen.storyboard */,
				A758BDD023674E990026FE0C /* Assets.xcassets */,
			);
			path = ui;
			sourceTree = "<group>";
		};
		A76F1786237718CE001CDC1E /* data */ = {
			isa = PBXGroup;
			children = (
				A76F178923771A00001CDC1E /* ToDo+CoreDataClass.swift */,
				A76F178A23771A00001CDC1E /* ToDo+CoreDataProperties.swift */,
				A76F1787237718EB001CDC1E /* Storage.swift */,
			);
			path = data;
			sourceTree = "<group>";
		};
/* End PBXGroup section */

/* Begin PBXNativeTarget section */
		A758BDC023674E990026FE0C /* ios-todo-app */ = {
			isa = PBXNativeTarget;
			buildConfigurationList = A758BDEE23674E990026FE0C /* Build configuration list for PBXNativeTarget "ios-todo-app" */;
			buildPhases = (
				A758BDBD23674E990026FE0C /* Sources */,
				A758BDBE23674E990026FE0C /* Frameworks */,
				A758BDBF23674E990026FE0C /* Resources */,
			);
			buildRules = (
			);
			dependencies = (
			);
			name = "ios-todo-app";
			productName = "ios-todo-app";
			productReference = A758BDC123674E990026FE0C /* ios-todo-app.app */;
			productType = "com.apple.product-type.application";
		};
		A758BDD923674E990026FE0C /* ios-todo-appTests */ = {
			isa = PBXNativeTarget;
			buildConfigurationList = A758BDF123674E990026FE0C /* Build configuration list for PBXNativeTarget "ios-todo-appTests" */;
			buildPhases = (
				A758BDD623674E990026FE0C /* Sources */,
				A758BDD723674E990026FE0C /* Frameworks */,
				A758BDD823674E990026FE0C /* Resources */,
			);
			buildRules = (
			);
			dependencies = (
				A758BDDC23674E990026FE0C /* PBXTargetDependency */,
			);
			name = "ios-todo-appTests";
			productName = "ios-todo-appTests";
			productReference = A758BDDA23674E990026FE0C /* ios-todo-appTests.xctest */;
			productType = "com.apple.product-type.bundle.unit-test";
		};
		A758BDE423674E990026FE0C /* ios-todo-appUITests */ = {
			isa = PBXNativeTarget;
			buildConfigurationList = A758BDF423674E990026FE0C /* Build configuration list for PBXNativeTarget "ios-todo-appUITests" */;
			buildPhases = (
				A758BDE123674E990026FE0C /* Sources */,
				A758BDE223674E990026FE0C /* Frameworks */,
				A758BDE323674E990026FE0C /* Resources */,
			);
			buildRules = (
			);
			dependencies = (
				A758BDE723674E990026FE0C /* PBXTargetDependency */,
			);
			name = "ios-todo-appUITests";
			productName = "ios-todo-appUITests";
			productReference = A758BDE523674E990026FE0C /* ios-todo-appUITests.xctest */;
			productType = "com.apple.product-type.bundle.ui-testing";
		};
/* End PBXNativeTarget section */

/* Begin PBXProject section */
		A758BDB923674E990026FE0C /* Project object */ = {
			isa = PBXProject;
			attributes = {
				LastSwiftUpdateCheck = 1110;
				LastUpgradeCheck = 1110;
				ORGANIZATIONNAME = "Oliver Rudzinski";
				TargetAttributes = {
					A758BDC023674E990026FE0C = {
						CreatedOnToolsVersion = 11.1;
					};
					A758BDD923674E990026FE0C = {
						CreatedOnToolsVersion = 11.1;
						TestTargetID = A758BDC023674E990026FE0C;
					};
					A758BDE423674E990026FE0C = {
						CreatedOnToolsVersion = 11.1;
						TestTargetID = A758BDC023674E990026FE0C;
					};
				};
			};
			buildConfigurationList = A758BDBC23674E990026FE0C /* Build configuration list for PBXProject "ios-todo-app" */;
			compatibilityVersion = "Xcode 9.3";
			developmentRegion = en;
			hasScannedForEncodings = 0;
			knownRegions = (
				en,
				Base,
			);
			mainGroup = A758BDB823674E990026FE0C;
			productRefGroup = A758BDC223674E990026FE0C /* Products */;
			projectDirPath = "";
			projectRoot = "";
			targets = (
				A758BDC023674E990026FE0C /* ios-todo-app */,
				A758BDD923674E990026FE0C /* ios-todo-appTests */,
				A758BDE423674E990026FE0C /* ios-todo-appUITests */,
			);
		};
/* End PBXProject section */

/* Begin PBXResourcesBuildPhase section */
		A758BDBF23674E990026FE0C /* Resources */ = {
			isa = PBXResourcesBuildPhase;
			buildActionMask = 2147483647;
			files = (
				A758BDD423674E990026FE0C /* LaunchScreen.storyboard in Resources */,
				A758BDD123674E990026FE0C /* Assets.xcassets in Resources */,
				A758BDCC23674E990026FE0C /* Main.storyboard in Resources */,
			);
			runOnlyForDeploymentPostprocessing = 0;
		};
		A758BDD823674E990026FE0C /* Resources */ = {
			isa = PBXResourcesBuildPhase;
			buildActionMask = 2147483647;
			files = (
			);
			runOnlyForDeploymentPostprocessing = 0;
		};
		A758BDE323674E990026FE0C /* Resources */ = {
			isa = PBXResourcesBuildPhase;
			buildActionMask = 2147483647;
			files = (
			);
			runOnlyForDeploymentPostprocessing = 0;
		};
/* End PBXResourcesBuildPhase section */

/* Begin PBXSourcesBuildPhase section */
		A758BDBD23674E990026FE0C /* Sources */ = {
			isa = PBXSourcesBuildPhase;
			buildActionMask = 2147483647;
			files = (
				A758BDC923674E990026FE0C /* ViewController.swift in Sources */,
				A76F178C23771A00001CDC1E /* ToDo+CoreDataProperties.swift in Sources */,
				A758BDCF23674E990026FE0C /* ios_todo_app.xcdatamodeld in Sources */,
				A758BDC523674E990026FE0C /* AppDelegate.swift in Sources */,
				A758BDC723674E990026FE0C /* SceneDelegate.swift in Sources */,
				A76145442376FA8D006CB41A /* ToDoCell.swift in Sources */,
				A76F178B23771A00001CDC1E /* ToDo+CoreDataClass.swift in Sources */,
				A76F1788237718EB001CDC1E /* Storage.swift in Sources */,
			);
			runOnlyForDeploymentPostprocessing = 0;
		};
		A758BDD623674E990026FE0C /* Sources */ = {
			isa = PBXSourcesBuildPhase;
			buildActionMask = 2147483647;
			files = (
				A758BDDF23674E990026FE0C /* ios_todo_appTests.swift in Sources */,
			);
			runOnlyForDeploymentPostprocessing = 0;
		};
		A758BDE123674E990026FE0C /* Sources */ = {
			isa = PBXSourcesBuildPhase;
			buildActionMask = 2147483647;
			files = (
				A758BDEA23674E990026FE0C /* ios_todo_appUITests.swift in Sources */,
			);
			runOnlyForDeploymentPostprocessing = 0;
		};
/* End PBXSourcesBuildPhase section */

/* Begin PBXTargetDependency section */
		A758BDDC23674E990026FE0C /* PBXTargetDependency */ = {
			isa = PBXTargetDependency;
			target = A758BDC023674E990026FE0C /* ios-todo-app */;
			targetProxy = A758BDDB23674E990026FE0C /* PBXContainerItemProxy */;
		};
		A758BDE723674E990026FE0C /* PBXTargetDependency */ = {
			isa = PBXTargetDependency;
			target = A758BDC023674E990026FE0C /* ios-todo-app */;
			targetProxy = A758BDE623674E990026FE0C /* PBXContainerItemProxy */;
		};
/* End PBXTargetDependency section */

/* Begin PBXVariantGroup section */
		A758BDCA23674E990026FE0C /* Main.storyboard */ = {
			isa = PBXVariantGroup;
			children = (
				A758BDCB23674E990026FE0C /* Base */,
			);
			name = Main.storyboard;
			sourceTree = "<group>";
		};
		A758BDD223674E990026FE0C /* LaunchScreen.storyboard */ = {
			isa = PBXVariantGroup;
			children = (
				A758BDD323674E990026FE0C /* Base */,
			);
			name = LaunchScreen.storyboard;
			sourceTree = "<group>";
		};
/* End PBXVariantGroup section */

/* Begin XCBuildConfiguration section */
		A758BDEC23674E990026FE0C /* Debug */ = {
			isa = XCBuildConfiguration;
			buildSettings = {
				ALWAYS_SEARCH_USER_PATHS = NO;
				CLANG_ANALYZER_NONNULL = YES;
				CLANG_ANALYZER_NUMBER_OBJECT_CONVERSION = YES_AGGRESSIVE;
				CLANG_CXX_LANGUAGE_STANDARD = "gnu++14";
				CLANG_CXX_LIBRARY = "libc++";
				CLANG_ENABLE_MODULES = YES;
				CLANG_ENABLE_OBJC_ARC = YES;
				CLANG_ENABLE_OBJC_WEAK = YES;
				CLANG_WARN_BLOCK_CAPTURE_AUTORELEASING = YES;
				CLANG_WARN_BOOL_CONVERSION = YES;
				CLANG_WARN_COMMA = YES;
				CLANG_WARN_CONSTANT_CONVERSION = YES;
				CLANG_WARN_DEPRECATED_OBJC_IMPLEMENTATIONS = YES;
				CLANG_WARN_DIRECT_OBJC_ISA_USAGE = YES_ERROR;
				CLANG_WARN_DOCUMENTATION_COMMENTS = YES;
				CLANG_WARN_EMPTY_BODY = YES;
				CLANG_WARN_ENUM_CONVERSION = YES;
				CLANG_WARN_INFINITE_RECURSION = YES;
				CLANG_WARN_INT_CONVERSION = YES;
				CLANG_WARN_NON_LITERAL_NULL_CONVERSION = YES;
				CLANG_WARN_OBJC_IMPLICIT_RETAIN_SELF = YES;
				CLANG_WARN_OBJC_LITERAL_CONVERSION = YES;
				CLANG_WARN_OBJC_ROOT_CLASS = YES_ERROR;
				CLANG_WARN_RANGE_LOOP_ANALYSIS = YES;
				CLANG_WARN_STRICT_PROTOTYPES = YES;
				CLANG_WARN_SUSPICIOUS_MOVE = YES;
				CLANG_WARN_UNGUARDED_AVAILABILITY = YES_AGGRESSIVE;
				CLANG_WARN_UNREACHABLE_CODE = YES;
				CLANG_WARN__DUPLICATE_METHOD_MATCH = YES;
				COPY_PHASE_STRIP = NO;
				DEBUG_INFORMATION_FORMAT = dwarf;
				ENABLE_STRICT_OBJC_MSGSEND = YES;
				ENABLE_TESTABILITY = YES;
				GCC_C_LANGUAGE_STANDARD = gnu11;
				GCC_DYNAMIC_NO_PIC = NO;
				GCC_NO_COMMON_BLOCKS = YES;
				GCC_OPTIMIZATION_LEVEL = 0;
				GCC_PREPROCESSOR_DEFINITIONS = (
					"DEBUG=1",
					"$(inherited)",
				);
				GCC_WARN_64_TO_32_BIT_CONVERSION = YES;
				GCC_WARN_ABOUT_RETURN_TYPE = YES_ERROR;
				GCC_WARN_UNDECLARED_SELECTOR = YES;
				GCC_WARN_UNINITIALIZED_AUTOS = YES_AGGRESSIVE;
				GCC_WARN_UNUSED_FUNCTION = YES;
				GCC_WARN_UNUSED_VARIABLE = YES;
				IPHONEOS_DEPLOYMENT_TARGET = 13.1;
				MTL_ENABLE_DEBUG_INFO = INCLUDE_SOURCE;
				MTL_FAST_MATH = YES;
				ONLY_ACTIVE_ARCH = YES;
				SDKROOT = iphoneos;
				SWIFT_ACTIVE_COMPILATION_CONDITIONS = DEBUG;
				SWIFT_OPTIMIZATION_LEVEL = "-Onone";
			};
			name = Debug;
		};
		A758BDED23674E990026FE0C /* Release */ = {
			isa = XCBuildConfiguration;
			buildSettings = {
				ALWAYS_SEARCH_USER_PATHS = NO;
				CLANG_ANALYZER_NONNULL = YES;
				CLANG_ANALYZER_NUMBER_OBJECT_CONVERSION = YES_AGGRESSIVE;
				CLANG_CXX_LANGUAGE_STANDARD = "gnu++14";
				CLANG_CXX_LIBRARY = "libc++";
				CLANG_ENABLE_MODULES = YES;
				CLANG_ENABLE_OBJC_ARC = YES;
				CLANG_ENABLE_OBJC_WEAK = YES;
				CLANG_WARN_BLOCK_CAPTURE_AUTORELEASING = YES;
				CLANG_WARN_BOOL_CONVERSION = YES;
				CLANG_WARN_COMMA = YES;
				CLANG_WARN_CONSTANT_CONVERSION = YES;
				CLANG_WARN_DEPRECATED_OBJC_IMPLEMENTATIONS = YES;
				CLANG_WARN_DIRECT_OBJC_ISA_USAGE = YES_ERROR;
				CLANG_WARN_DOCUMENTATION_COMMENTS = YES;
				CLANG_WARN_EMPTY_BODY = YES;
				CLANG_WARN_ENUM_CONVERSION = YES;
				CLANG_WARN_INFINITE_RECURSION = YES;
				CLANG_WARN_INT_CONVERSION = YES;
				CLANG_WARN_NON_LITERAL_NULL_CONVERSION = YES;
				CLANG_WARN_OBJC_IMPLICIT_RETAIN_SELF = YES;
				CLANG_WARN_OBJC_LITERAL_CONVERSION = YES;
				CLANG_WARN_OBJC_ROOT_CLASS = YES_ERROR;
				CLANG_WARN_RANGE_LOOP_ANALYSIS = YES;
				CLANG_WARN_STRICT_PROTOTYPES = YES;
				CLANG_WARN_SUSPICIOUS_MOVE = YES;
				CLANG_WARN_UNGUARDED_AVAILABILITY = YES_AGGRESSIVE;
				CLANG_WARN_UNREACHABLE_CODE = YES;
				CLANG_WARN__DUPLICATE_METHOD_MATCH = YES;
				COPY_PHASE_STRIP = NO;
				DEBUG_INFORMATION_FORMAT = "dwarf-with-dsym";
				ENABLE_NS_ASSERTIONS = NO;
				ENABLE_STRICT_OBJC_MSGSEND = YES;
				GCC_C_LANGUAGE_STANDARD = gnu11;
				GCC_NO_COMMON_BLOCKS = YES;
				GCC_WARN_64_TO_32_BIT_CONVERSION = YES;
				GCC_WARN_ABOUT_RETURN_TYPE = YES_ERROR;
				GCC_WARN_UNDECLARED_SELECTOR = YES;
				GCC_WARN_UNINITIALIZED_AUTOS = YES_AGGRESSIVE;
				GCC_WARN_UNUSED_FUNCTION = YES;
				GCC_WARN_UNUSED_VARIABLE = YES;
				IPHONEOS_DEPLOYMENT_TARGET = 13.1;
				MTL_ENABLE_DEBUG_INFO = NO;
				MTL_FAST_MATH = YES;
				SDKROOT = iphoneos;
				SWIFT_COMPILATION_MODE = wholemodule;
				SWIFT_OPTIMIZATION_LEVEL = "-O";
				VALIDATE_PRODUCT = YES;
			};
			name = Release;
		};
		A758BDEF23674E990026FE0C /* Debug */ = {
			isa = XCBuildConfiguration;
			buildSettings = {
				ASSETCATALOG_COMPILER_APPICON_NAME = AppIcon;
				CODE_SIGN_STYLE = Automatic;
				DEVELOPMENT_TEAM = 4BG25HFN29;
				INFOPLIST_FILE = "ios-todo-app/Info.plist";
				LD_RUNPATH_SEARCH_PATHS = (
					"$(inherited)",
					"@executable_path/Frameworks",
				);
				PRODUCT_BUNDLE_IDENTIFIER = "rudzinski.ios-todo-app";
				PRODUCT_NAME = "$(TARGET_NAME)";
				SWIFT_VERSION = 5.0;
				TARGETED_DEVICE_FAMILY = "1,2";
			};
			name = Debug;
		};
		A758BDF023674E990026FE0C /* Release */ = {
			isa = XCBuildConfiguration;
			buildSettings = {
				ASSETCATALOG_COMPILER_APPICON_NAME = AppIcon;
				CODE_SIGN_STYLE = Automatic;
				DEVELOPMENT_TEAM = 4BG25HFN29;
				INFOPLIST_FILE = "ios-todo-app/Info.plist";
				LD_RUNPATH_SEARCH_PATHS = (
					"$(inherited)",
					"@executable_path/Frameworks",
				);
				PRODUCT_BUNDLE_IDENTIFIER = "rudzinski.ios-todo-app";
				PRODUCT_NAME = "$(TARGET_NAME)";
				SWIFT_VERSION = 5.0;
				TARGETED_DEVICE_FAMILY = "1,2";
			};
			name = Release;
		};
		A758BDF223674E990026FE0C /* Debug */ = {
			isa = XCBuildConfiguration;
			buildSettings = {
				ALWAYS_EMBED_SWIFT_STANDARD_LIBRARIES = YES;
				BUNDLE_LOADER = "$(TEST_HOST)";
				CODE_SIGN_STYLE = Automatic;
				INFOPLIST_FILE = "ios-todo-appTests/Info.plist";
				IPHONEOS_DEPLOYMENT_TARGET = 13.1;
				LD_RUNPATH_SEARCH_PATHS = (
					"$(inherited)",
					"@executable_path/Frameworks",
					"@loader_path/Frameworks",
				);
				PRODUCT_BUNDLE_IDENTIFIER = "rudzinski.ios-todo-appTests";
				PRODUCT_NAME = "$(TARGET_NAME)";
				SWIFT_VERSION = 5.0;
				TARGETED_DEVICE_FAMILY = "1,2";
				TEST_HOST = "$(BUILT_PRODUCTS_DIR)/ios-todo-app.app/ios-todo-app";
			};
			name = Debug;
		};
		A758BDF323674E990026FE0C /* Release */ = {
			isa = XCBuildConfiguration;
			buildSettings = {
				ALWAYS_EMBED_SWIFT_STANDARD_LIBRARIES = YES;
				BUNDLE_LOADER = "$(TEST_HOST)";
				CODE_SIGN_STYLE = Automatic;
				INFOPLIST_FILE = "ios-todo-appTests/Info.plist";
				IPHONEOS_DEPLOYMENT_TARGET = 13.1;
				LD_RUNPATH_SEARCH_PATHS = (
					"$(inherited)",
					"@executable_path/Frameworks",
					"@loader_path/Frameworks",
				);
				PRODUCT_BUNDLE_IDENTIFIER = "rudzinski.ios-todo-appTests";
				PRODUCT_NAME = "$(TARGET_NAME)";
				SWIFT_VERSION = 5.0;
				TARGETED_DEVICE_FAMILY = "1,2";
				TEST_HOST = "$(BUILT_PRODUCTS_DIR)/ios-todo-app.app/ios-todo-app";
			};
			name = Release;
		};
		A758BDF523674E990026FE0C /* Debug */ = {
			isa = XCBuildConfiguration;
			buildSettings = {
				ALWAYS_EMBED_SWIFT_STANDARD_LIBRARIES = YES;
				CODE_SIGN_STYLE = Automatic;
				INFOPLIST_FILE = "ios-todo-appUITests/Info.plist";
				LD_RUNPATH_SEARCH_PATHS = (
					"$(inherited)",
					"@executable_path/Frameworks",
					"@loader_path/Frameworks",
				);
				PRODUCT_BUNDLE_IDENTIFIER = "rudzinski.ios-todo-appUITests";
				PRODUCT_NAME = "$(TARGET_NAME)";
				SWIFT_VERSION = 5.0;
				TARGETED_DEVICE_FAMILY = "1,2";
				TEST_TARGET_NAME = "ios-todo-app";
			};
			name = Debug;
		};
		A758BDF623674E990026FE0C /* Release */ = {
			isa = XCBuildConfiguration;
			buildSettings = {
				ALWAYS_EMBED_SWIFT_STANDARD_LIBRARIES = YES;
				CODE_SIGN_STYLE = Automatic;
				INFOPLIST_FILE = "ios-todo-appUITests/Info.plist";
				LD_RUNPATH_SEARCH_PATHS = (
					"$(inherited)",
					"@executable_path/Frameworks",
					"@loader_path/Frameworks",
				);
				PRODUCT_BUNDLE_IDENTIFIER = "rudzinski.ios-todo-appUITests";
				PRODUCT_NAME = "$(TARGET_NAME)";
				SWIFT_VERSION = 5.0;
				TARGETED_DEVICE_FAMILY = "1,2";
				TEST_TARGET_NAME = "ios-todo-app";
			};
			name = Release;
		};
/* End XCBuildConfiguration section */

/* Begin XCConfigurationList section */
		A758BDBC23674E990026FE0C /* Build configuration list for PBXProject "ios-todo-app" */ = {
			isa = XCConfigurationList;
			buildConfigurations = (
				A758BDEC23674E990026FE0C /* Debug */,
				A758BDED23674E990026FE0C /* Release */,
			);
			defaultConfigurationIsVisible = 0;
			defaultConfigurationName = Release;
		};
		A758BDEE23674E990026FE0C /* Build configuration list for PBXNativeTarget "ios-todo-app" */ = {
			isa = XCConfigurationList;
			buildConfigurations = (
				A758BDEF23674E990026FE0C /* Debug */,
				A758BDF023674E990026FE0C /* Release */,
			);
			defaultConfigurationIsVisible = 0;
			defaultConfigurationName = Release;
		};
		A758BDF123674E990026FE0C /* Build configuration list for PBXNativeTarget "ios-todo-appTests" */ = {
			isa = XCConfigurationList;
			buildConfigurations = (
				A758BDF223674E990026FE0C /* Debug */,
				A758BDF323674E990026FE0C /* Release */,
			);
			defaultConfigurationIsVisible = 0;
			defaultConfigurationName = Release;
		};
		A758BDF423674E990026FE0C /* Build configuration list for PBXNativeTarget "ios-todo-appUITests" */ = {
			isa = XCConfigurationList;
			buildConfigurations = (
				A758BDF523674E990026FE0C /* Debug */,
				A758BDF623674E990026FE0C /* Release */,
			);
			defaultConfigurationIsVisible = 0;
			defaultConfigurationName = Release;
		};
/* End XCConfigurationList section */

/* Begin XCVersionGroup section */
		A758BDCD23674E990026FE0C /* ios_todo_app.xcdatamodeld */ = {
			isa = XCVersionGroup;
			children = (
				A758BDCE23674E990026FE0C /* ios_todo_app.xcdatamodel */,
			);
			currentVersion = A758BDCE23674E990026FE0C /* ios_todo_app.xcdatamodel */;
			path = ios_todo_app.xcdatamodeld;
			sourceTree = "<group>";
			versionGroupType = wrapper.xcdatamodel;
		};
/* End XCVersionGroup section */
	};
	rootObject = A758BDB923674E990026FE0C /* Project object */;
}
